
Microsoft Visual Studio Solution File, Format Version 12.00
# Visual Studio 15
VisualStudioVersion = 15.0.27130.2027
MinimumVisualStudioVersion = 10.0.40219.1
Project("{FAE04EC0-301F-11D3-BF4B-00C04F79EFBC}") = "IrishBusStopTracker", "IrishBusStopTracker\IrishBusStopTracker.csproj", "{92FE8C9D-605C-4591-953B-3042B42976D6}"
EndProject
Global
	GlobalSection(SolutionConfigurationPlatforms) = preSolution
		Debug .NET Native|ARM = Debug .NET Native|ARM
		Debug .NET Native|x64 = Debug .NET Native|x64
		Debug .NET Native|x86 = Debug .NET Native|x86
		Debug|ARM = Debug|ARM
		Debug|x64 = Debug|x64
		Debug|x86 = Debug|x86
		Release|ARM = Release|ARM
		Release|x64 = Release|x64
		Release|x86 = Release|x86
	EndGlobalSection
	GlobalSection(ProjectConfigurationPlatforms) = postSolution
		{92FE8C9D-605C-4591-953B-3042B42976D6}.Debug .NET Native|ARM.ActiveCfg = Debug .NET Native|ARM
		{92FE8C9D-605C-4591-953B-3042B42976D6}.Debug .NET Native|ARM.Build.0 = Debug .NET Native|ARM
		{92FE8C9D-605C-4591-953B-3042B42976D6}.Debug .NET Native|ARM.Deploy.0 = Debug .NET Native|ARM
		{92FE8C9D-605C-4591-953B-3042B42976D6}.Debug .NET Native|x64.ActiveCfg = Debug .NET Native|x64
		{92FE8C9D-605C-4591-953B-3042B42976D6}.Debug .NET Native|x64.Build.0 = Debug .NET Native|x64
		{92FE8C9D-605C-4591-953B-3042B42976D6}.Debug .NET Native|x64.Deploy.0 = Debug .NET Native|x64
		{92FE8C9D-605C-4591-953B-3042B42976D6}.Debug .NET Native|x86.ActiveCfg = Debug .NET Native|x86
		{92FE8C9D-605C-4591-953B-3042B42976D6}.Debug .NET Native|x86.Build.0 = Debug .NET Native|x86
		{92FE8C9D-605C-4591-953B-3042B42976D6}.Debug .NET Native|x86.Deploy.0 = Debug .NET Native|x86
		{92FE8C9D-605C-4591-953B-3042B42976D6}.Debug|ARM.ActiveCfg = Debug|ARM
		{92FE8C9D-605C-4591-953B-3042B42976D6}.Debug|ARM.Build.0 = Debug|ARM
		{92FE8C9D-605C-4591-953B-3042B42976D6}.Debug|ARM.Deploy.0 = Debug|ARM
		{92FE8C9D-605C-4591-953B-3042B42976D6}.Debug|x64.ActiveCfg = Debug|x64
		{92FE8C9D-605C-4591-953B-3042B42976D6}.Debug|x64.Build.0 = Debug|x64
		{92FE8C9D-605C-4591-953B-3042B42976D6}.Debug|x64.Deploy.0 = Debug|x64
		{92FE8C9D-605C-4591-953B-3042B42976D6}.Debug|x86.ActiveCfg = Debug|x86
		{92FE8C9D-605C-4591-953B-3042B42976D6}.Debug|x86.Build.0 = Debug|x86
		{92FE8C9D-605C-4591-953B-3042B42976D6}.Debug|x86.Deploy.0 = Debug|x86
		{92FE8C9D-605C-4591-953B-3042B42976D6}.Release|ARM.ActiveCfg = Release|ARM
		{92FE8C9D-605C-4591-953B-3042B42976D6}.Release|ARM.Build.0 = Release|ARM
		{92FE8C9D-605C-4591-953B-3042B42976D6}.Release|ARM.Deploy.0 = Release|ARM
		{92FE8C9D-605C-4591-953B-3042B42976D6}.Release|x64.ActiveCfg = Release|x64
		{92FE8C9D-605C-4591-953B-3042B42976D6}.Release|x64.Build.0 = Release|x64
		{92FE8C9D-605C-4591-953B-3042B42976D6}.Release|x64.Deploy.0 = Release|x64
		{92FE8C9D-605C-4591-953B-3042B42976D6}.Release|x86.ActiveCfg = Release|x86
		{92FE8C9D-605C-4591-953B-3042B42976D6}.Release|x86.Build.0 = Release|x86
		{92FE8C9D-605C-4591-953B-3042B42976D6}.Release|x86.Deploy.0 = Release|x86
	EndGlobalSection
	GlobalSection(SolutionProperties) = preSolution
		HideSolutionNode = FALSE
	EndGlobalSection
	GlobalSection(ExtensibilityGlobals) = postSolution
		SolutionGuid = {324C5194-6D85-4356-BA0E-34B88D7CBCA8}
	EndGlobalSection
EndGlobal
